
Microsoft Visual Studio Solution File, Format Version 12.00
Project("{2150E333-8FDC-42A3-9474-1A3956D46DE8}") = "src", "src", "{827E0CD3-B72D-47B6-A68D-7590B98EB39B}"
EndProject
Project("{FAE04EC0-301F-11D3-BF4B-00C04F79EFBC}") = "MonitoringSystem.Observability", "src\MonitoringSystem.Observability\MonitoringSystem.Observability.csproj", "{92D8EF6F-F73F-449A-BF02-5B3AD3137CAB}"
EndProject
Project("{2150E333-8FDC-42A3-9474-1A3956D46DE8}") = "samples", "samples", "{5D20AA90-6969-D8BD-9DCD-8634F4692FDA}"
EndProject
Project("{FAE04EC0-301F-11D3-BF4B-00C04F79EFBC}") = "SampleApi", "samples\SampleApi\SampleApi.csproj", "{B5A2D7F2-39E4-4809-BB59-49F399EE18C5}"
EndProject
Global
	GlobalSection(SolutionConfigurationPlatforms) = preSolution
		Debug|Any CPU = Debug|Any CPU
		Debug|x64 = Debug|x64
		Debug|x86 = Debug|x86
		Release|Any CPU = Release|Any CPU
		Release|x64 = Release|x64
		Release|x86 = Release|x86
	EndGlobalSection
	GlobalSection(ProjectConfigurationPlatforms) = postSolution
		{92D8EF6F-F73F-449A-BF02-5B3AD3137CAB}.Debug|Any CPU.ActiveCfg = Debug|Any CPU
		{92D8EF6F-F73F-449A-BF02-5B3AD3137CAB}.Debug|Any CPU.Build.0 = Debug|Any CPU
		{92D8EF6F-F73F-449A-BF02-5B3AD3137CAB}.Debug|x64.ActiveCfg = Debug|Any CPU
		{92D8EF6F-F73F-449A-BF02-5B3AD3137CAB}.Debug|x64.Build.0 = Debug|Any CPU
		{92D8EF6F-F73F-449A-BF02-5B3AD3137CAB}.Debug|x86.ActiveCfg = Debug|Any CPU
		{92D8EF6F-F73F-449A-BF02-5B3AD3137CAB}.Debug|x86.Build.0 = Debug|Any CPU
		{92D8EF6F-F73F-449A-BF02-5B3AD3137CAB}.Release|Any CPU.ActiveCfg = Release|Any CPU
		{92D8EF6F-F73F-449A-BF02-5B3AD3137CAB}.Release|Any CPU.Build.0 = Release|Any CPU
		{92D8EF6F-F73F-449A-BF02-5B3AD3137CAB}.Release|x64.ActiveCfg = Release|Any CPU
		{92D8EF6F-F73F-449A-BF02-5B3AD3137CAB}.Release|x64.Build.0 = Release|Any CPU
		{92D8EF6F-F73F-449A-BF02-5B3AD3137CAB}.Release|x86.ActiveCfg = Release|Any CPU
		{92D8EF6F-F73F-449A-BF02-5B3AD3137CAB}.Release|x86.Build.0 = Release|Any CPU
		{B5A2D7F2-39E4-4809-BB59-49F399EE18C5}.Debug|Any CPU.ActiveCfg = Debug|Any CPU
		{B5A2D7F2-39E4-4809-BB59-49F399EE18C5}.Debug|Any CPU.Build.0 = Debug|Any CPU
		{B5A2D7F2-39E4-4809-BB59-49F399EE18C5}.Debug|x64.ActiveCfg = Debug|Any CPU
		{B5A2D7F2-39E4-4809-BB59-49F399EE18C5}.Debug|x64.Build.0 = Debug|Any CPU
		{B5A2D7F2-39E4-4809-BB59-49F399EE18C5}.Debug|x86.ActiveCfg = Debug|Any CPU
		{B5A2D7F2-39E4-4809-BB59-49F399EE18C5}.Debug|x86.Build.0 = Debug|Any CPU
		{B5A2D7F2-39E4-4809-BB59-49F399EE18C5}.Release|Any CPU.ActiveCfg = Release|Any CPU
		{B5A2D7F2-39E4-4809-BB59-49F399EE18C5}.Release|Any CPU.Build.0 = Release|Any CPU
		{B5A2D7F2-39E4-4809-BB59-49F399EE18C5}.Release|x64.ActiveCfg = Release|Any CPU
		{B5A2D7F2-39E4-4809-BB59-49F399EE18C5}.Release|x64.Build.0 = Release|Any CPU
		{B5A2D7F2-39E4-4809-BB59-49F399EE18C5}.Release|x86.ActiveCfg = Release|Any CPU
		{B5A2D7F2-39E4-4809-BB59-49F399EE18C5}.Release|x86.Build.0 = Release|Any CPU
	EndGlobalSection
	GlobalSection(SolutionProperties) = preSolution
		HideSolutionNode = FALSE
	EndGlobalSection
	GlobalSection(NestedProjects) = preSolution
		{92D8EF6F-F73F-449A-BF02-5B3AD3137CAB} = {827E0CD3-B72D-47B6-A68D-7590B98EB39B}
		{B5A2D7F2-39E4-4809-BB59-49F399EE18C5} = {5D20AA90-6969-D8BD-9DCD-8634F4692FDA}
	EndGlobalSection
EndGlobal
